
Microsoft Visual Studio Solution File, Format Version 12.00
# Visual Studio Version 16
VisualStudioVersion = 16.0.31624.102
MinimumVisualStudioVersion = 10.0.40219.1
Project("{9A19103F-16F7-4668-BE54-9A1E7A4F7556}") = "cakefactory.Common", "cakefactory.Common\cakefactory.Common.csproj", "{4AB09377-AEE8-4902-956B-DA65641D5584}"
EndProject
Project("{9A19103F-16F7-4668-BE54-9A1E7A4F7556}") = "cakefactory.API", "cakefactory.API\cakefactory.API.csproj", "{B9F1150F-8DA7-41E3-8E0D-642CA6C54F6D}"
EndProject
Global
	GlobalSection(SolutionConfigurationPlatforms) = preSolution
		Debug|Any CPU = Debug|Any CPU
		Release|Any CPU = Release|Any CPU
	EndGlobalSection
	GlobalSection(ProjectConfigurationPlatforms) = postSolution
		{4AB09377-AEE8-4902-956B-DA65641D5584}.Debug|Any CPU.ActiveCfg = Debug|Any CPU
		{4AB09377-AEE8-4902-956B-DA65641D5584}.Debug|Any CPU.Build.0 = Debug|Any CPU
		{4AB09377-AEE8-4902-956B-DA65641D5584}.Release|Any CPU.ActiveCfg = Release|Any CPU
		{4AB09377-AEE8-4902-956B-DA65641D5584}.Release|Any CPU.Build.0 = Release|Any CPU
		{B9F1150F-8DA7-41E3-8E0D-642CA6C54F6D}.Debug|Any CPU.ActiveCfg = Debug|Any CPU
		{B9F1150F-8DA7-41E3-8E0D-642CA6C54F6D}.Debug|Any CPU.Build.0 = Debug|Any CPU
		{B9F1150F-8DA7-41E3-8E0D-642CA6C54F6D}.Release|Any CPU.ActiveCfg = Release|Any CPU
		{B9F1150F-8DA7-41E3-8E0D-642CA6C54F6D}.Release|Any CPU.Build.0 = Release|Any CPU
	EndGlobalSection
	GlobalSection(SolutionProperties) = preSolution
		HideSolutionNode = FALSE
	EndGlobalSection
	GlobalSection(ExtensibilityGlobals) = postSolution
		SolutionGuid = {11E8D1AA-C98F-4F2E-8E64-18FB6263E0ED}
	EndGlobalSection
EndGlobal
